
Microsoft Visual Studio Solution File, Format Version 12.00
# Visual Studio Version 17
VisualStudioVersion = 17.14.36408.4
MinimumVisualStudioVersion = 10.0.40219.1
Project("{FAE04EC0-301F-11D3-BF4B-00C04F79EFBC}") = "Sistema de Estoque Inteligente", "Sistema de Estoque Inteligente\Sistema de Estoque Inteligente.csproj", "{B6E1D42A-3F01-42BC-9806-5441927C2074}"
EndProject
Project("{FAE04EC0-301F-11D3-BF4B-00C04F79EFBC}") = "Repositorio", "Repositorio\Repositorio.csproj", "{B585606F-2882-4EA3-B9DE-9C9C5AFC5C33}"
EndProject
Project("{2150E333-8FDC-42A3-9474-1A3956D46DE8}") = "Solution Items", "Solution Items", "{02EA681E-C7D8-13C7-8484-4AC65E1B71E8}"
	ProjectSection(SolutionItems) = preProject
		.editorconfig = .editorconfig
	EndProjectSection
EndProject
Project("{FAE04EC0-301F-11D3-BF4B-00C04F79EFBC}") = "Dominio", "Dominio\Dominio.csproj", "{506A0FD2-8B81-4286-AC72-6F5CDC2C8A88}"
EndProject
Global
	GlobalSection(SolutionConfigurationPlatforms) = preSolution
		Debug|Any CPU = Debug|Any CPU
		Release|Any CPU = Release|Any CPU
	EndGlobalSection
	GlobalSection(ProjectConfigurationPlatforms) = postSolution
		{B6E1D42A-3F01-42BC-9806-5441927C2074}.Debug|Any CPU.ActiveCfg = Debug|Any CPU
		{B6E1D42A-3F01-42BC-9806-5441927C2074}.Debug|Any CPU.Build.0 = Debug|Any CPU
		{B6E1D42A-3F01-42BC-9806-5441927C2074}.Release|Any CPU.ActiveCfg = Release|Any CPU
		{B6E1D42A-3F01-42BC-9806-5441927C2074}.Release|Any CPU.Build.0 = Release|Any CPU
		{B585606F-2882-4EA3-B9DE-9C9C5AFC5C33}.Debug|Any CPU.ActiveCfg = Debug|Any CPU
		{B585606F-2882-4EA3-B9DE-9C9C5AFC5C33}.Debug|Any CPU.Build.0 = Debug|Any CPU
		{B585606F-2882-4EA3-B9DE-9C9C5AFC5C33}.Release|Any CPU.ActiveCfg = Release|Any CPU
		{B585606F-2882-4EA3-B9DE-9C9C5AFC5C33}.Release|Any CPU.Build.0 = Release|Any CPU
		{506A0FD2-8B81-4286-AC72-6F5CDC2C8A88}.Debug|Any CPU.ActiveCfg = Debug|Any CPU
		{506A0FD2-8B81-4286-AC72-6F5CDC2C8A88}.Debug|Any CPU.Build.0 = Debug|Any CPU
		{506A0FD2-8B81-4286-AC72-6F5CDC2C8A88}.Release|Any CPU.ActiveCfg = Release|Any CPU
		{506A0FD2-8B81-4286-AC72-6F5CDC2C8A88}.Release|Any CPU.Build.0 = Release|Any CPU
	EndGlobalSection
	GlobalSection(SolutionProperties) = preSolution
		HideSolutionNode = FALSE
	EndGlobalSection
	GlobalSection(ExtensibilityGlobals) = postSolution
		SolutionGuid = {88E61155-16E6-48BB-A205-FD7DA575F91E}
	EndGlobalSection
EndGlobal
